
Microsoft Visual Studio Solution File, Format Version 12.00
# Visual Studio Version 17
VisualStudioVersion = 17.7.34009.444
MinimumVisualStudioVersion = 10.0.40219.1
Project("{2150E333-8FDC-42A3-9474-1A3956D46DE8}") = "Front", "Front", "{D5EA0D5E-EC24-4661-9662-BA7470427703}"
EndProject
Project("{2150E333-8FDC-42A3-9474-1A3956D46DE8}") = "Services", "Services", "{A51BBE1D-28C6-4DC3-84C2-FB2338B2378D}"
EndProject
Project("{9A19103F-16F7-4668-BE54-9A1E7A4F7556}") = "GeekShopping.ProductAPI", "GeekShopping.ProductAPI\GeekShopping.ProductAPI.csproj", "{220436E9-B844-4466-B12E-3283690FD135}"
EndProject
Project("{9A19103F-16F7-4668-BE54-9A1E7A4F7556}") = "GeekShopping.Web", "GeekShopping.Web\GeekShopping.Web.csproj", "{9D392F4A-01A9-4F32-BCEC-CD58C84B2180}"
EndProject
Project("{9A19103F-16F7-4668-BE54-9A1E7A4F7556}") = "GeekShopping.IdentityServer", "GeekShopping.IdentityServer\GeekShopping.IdentityServer.csproj", "{E391EE8C-2424-4C6B-AEB9-EC2DB4AC295A}"
EndProject
Global
	GlobalSection(SolutionConfigurationPlatforms) = preSolution
		Debug|Any CPU = Debug|Any CPU
		Release|Any CPU = Release|Any CPU
	EndGlobalSection
	GlobalSection(ProjectConfigurationPlatforms) = postSolution
		{220436E9-B844-4466-B12E-3283690FD135}.Debug|Any CPU.ActiveCfg = Debug|Any CPU
		{220436E9-B844-4466-B12E-3283690FD135}.Debug|Any CPU.Build.0 = Debug|Any CPU
		{220436E9-B844-4466-B12E-3283690FD135}.Release|Any CPU.ActiveCfg = Release|Any CPU
		{220436E9-B844-4466-B12E-3283690FD135}.Release|Any CPU.Build.0 = Release|Any CPU
		{9D392F4A-01A9-4F32-BCEC-CD58C84B2180}.Debug|Any CPU.ActiveCfg = Debug|Any CPU
		{9D392F4A-01A9-4F32-BCEC-CD58C84B2180}.Debug|Any CPU.Build.0 = Debug|Any CPU
		{9D392F4A-01A9-4F32-BCEC-CD58C84B2180}.Release|Any CPU.ActiveCfg = Release|Any CPU
		{9D392F4A-01A9-4F32-BCEC-CD58C84B2180}.Release|Any CPU.Build.0 = Release|Any CPU
		{E391EE8C-2424-4C6B-AEB9-EC2DB4AC295A}.Debug|Any CPU.ActiveCfg = Debug|Any CPU
		{E391EE8C-2424-4C6B-AEB9-EC2DB4AC295A}.Debug|Any CPU.Build.0 = Debug|Any CPU
		{E391EE8C-2424-4C6B-AEB9-EC2DB4AC295A}.Release|Any CPU.ActiveCfg = Release|Any CPU
		{E391EE8C-2424-4C6B-AEB9-EC2DB4AC295A}.Release|Any CPU.Build.0 = Release|Any CPU
	EndGlobalSection
	GlobalSection(SolutionProperties) = preSolution
		HideSolutionNode = FALSE
	EndGlobalSection
	GlobalSection(NestedProjects) = preSolution
		{220436E9-B844-4466-B12E-3283690FD135} = {A51BBE1D-28C6-4DC3-84C2-FB2338B2378D}
		{9D392F4A-01A9-4F32-BCEC-CD58C84B2180} = {D5EA0D5E-EC24-4661-9662-BA7470427703}
		{E391EE8C-2424-4C6B-AEB9-EC2DB4AC295A} = {A51BBE1D-28C6-4DC3-84C2-FB2338B2378D}
	EndGlobalSection
	GlobalSection(ExtensibilityGlobals) = postSolution
		SolutionGuid = {C8EBDC48-E410-4526-9077-7321C92E7FA3}
	EndGlobalSection
EndGlobal
